
Microsoft Visual Studio Solution File, Format Version 12.00
# Visual Studio 15
VisualStudioVersion = 15.0.28307.421
MinimumVisualStudioVersion = 10.0.40219.1
Project("{FAE04EC0-301F-11D3-BF4B-00C04F79EFBC}") = "18023892Brink_GADE6112_Task1", "18023892Brink_GADE6112_Task1\18023892Brink_GADE6112_Task1.csproj", "{26659B2B-2050-44BF-9BB9-95FCAC373E8A}"
EndProject
Global
	GlobalSection(SolutionConfigurationPlatforms) = preSolution
		Debug|Any CPU = Debug|Any CPU
		Release|Any CPU = Release|Any CPU
	EndGlobalSection
	GlobalSection(ProjectConfigurationPlatforms) = postSolution
		{26659B2B-2050-44BF-9BB9-95FCAC373E8A}.Debug|Any CPU.ActiveCfg = Debug|Any CPU
		{26659B2B-2050-44BF-9BB9-95FCAC373E8A}.Debug|Any CPU.Build.0 = Debug|Any CPU
		{26659B2B-2050-44BF-9BB9-95FCAC373E8A}.Release|Any CPU.ActiveCfg = Release|Any CPU
		{26659B2B-2050-44BF-9BB9-95FCAC373E8A}.Release|Any CPU.Build.0 = Release|Any CPU
	EndGlobalSection
	GlobalSection(SolutionProperties) = preSolution
		HideSolutionNode = FALSE
	EndGlobalSection
	GlobalSection(ExtensibilityGlobals) = postSolution
		SolutionGuid = {3824967D-15C5-4152-81DC-8F6536FD1A13}
	EndGlobalSection
EndGlobal
